
Microsoft Visual Studio Solution File, Format Version 12.00
# Visual Studio 14
VisualStudioVersion = 14.0.23107.0
MinimumVisualStudioVersion = 10.0.40219.1
Project("{D954291E-2A0B-460D-934E-DC6B0785DB48}") = "SettingManagerShared", "SettingManager\SettingManagerShared.shproj", "{423AB3E4-56E8-4228-93C4-FA169CE18AD9}"
EndProject
Global
	GlobalSection(SharedMSBuildProjectFiles) = preSolution
		SettingManager\SettingManager.projitems*{423ab3e4-56e8-4228-93c4-fa169ce18ad9}*SharedItemsImports = 13
	EndGlobalSection
	GlobalSection(SolutionProperties) = preSolution
		HideSolutionNode = FALSE
	EndGlobalSection
EndGlobal
